// !$*UTF8*$!
{ archiveVersion = 1; classes = {}; objectVersion = 56; objects = {
26EF1F661360BB428EDC3B6D = { isa = PBXFileReference; lastKnownFileType = sourcecode.swift; path = "Sources/FilesCore/BrowserModel.swift"; sourceTree = SOURCE_ROOT; };
40AB3A975D857ACEDDA3E6A8 = { isa = PBXBuildFile; fileRef = 26EF1F661360BB428EDC3B6D; };
9F4C6A2D267E85535D7F6AEF = { isa = PBXFileReference; lastKnownFileType = sourcecode.swift; path = "Sources/FilesCore/BrowserPreferences.swift"; sourceTree = SOURCE_ROOT; };
052F3ED01317EF227ACDDDA4 = { isa = PBXBuildFile; fileRef = 9F4C6A2D267E85535D7F6AEF; };
B0CEDEBF8AFE95B88AEE47DB = { isa = PBXFileReference; lastKnownFileType = sourcecode.swift; path = "Sources/FilesCore/CopyEngine.swift"; sourceTree = SOURCE_ROOT; };
CB333AA30FAECCECAA4EA696 = { isa = PBXBuildFile; fileRef = B0CEDEBF8AFE95B88AEE47DB; };
F3C78F087C1A30270235EB76 = { isa = PBXFileReference; lastKnownFileType = sourcecode.swift; path = "Sources/FilesCore/DirectoryWatcher.swift"; sourceTree = SOURCE_ROOT; };
DBDCA4C9B58EA878D91DD4B8 = { isa = PBXBuildFile; fileRef = F3C78F087C1A30270235EB76; };
2C860F136631322F240E7AAB = { isa = PBXFileReference; lastKnownFileType = sourcecode.swift; path = "Sources/FilesCore/EntryOperations.swift"; sourceTree = SOURCE_ROOT; };
ED3EA8FC115E8A961C62DEE1 = { isa = PBXBuildFile; fileRef = 2C860F136631322F240E7AAB; };
3478E15243CD7E37315B047F = { isa = PBXFileReference; lastKnownFileType = sourcecode.swift; path = "Sources/FilesCore/FileItem.swift"; sourceTree = SOURCE_ROOT; };
6F365B7C398C2694E2090E5A = { isa = PBXBuildFile; fileRef = 3478E15243CD7E37315B047F; };
60F55B51DB3F8D1B4B577E66 = { isa = PBXFileReference; lastKnownFileType = sourcecode.swift; path = "Sources/FilesCore/LocalFileSystem.swift"; sourceTree = SOURCE_ROOT; };
7C9BF9E507522BA416507BFF = { isa = PBXBuildFile; fileRef = 60F55B51DB3F8D1B4B577E66; };
B252612B1FEA774BB7D09CFE = { isa = PBXFileReference; lastKnownFileType = sourcecode.swift; path = "Sources/FilesCore/PathCompletion.swift"; sourceTree = SOURCE_ROOT; };
68EC042D4AD725930425115E = { isa = PBXBuildFile; fileRef = B252612B1FEA774BB7D09CFE; };
1ECAC4550A4421F0A5687790 = { isa = PBXFileReference; lastKnownFileType = sourcecode.swift; path = "Sources/FilesMac/BrowserWindow.swift"; sourceTree = SOURCE_ROOT; };
BDA28D8DC7EFB786BA829D92 = { isa = PBXBuildFile; fileRef = 1ECAC4550A4421F0A5687790; };
8100B9440E9FF72007B518D7 = { isa = PBXFileReference; lastKnownFileType = sourcecode.swift; path = "Sources/FilesMac/CopyWindow.swift"; sourceTree = SOURCE_ROOT; };
9306B63D480ED7B060649BCC = { isa = PBXBuildFile; fileRef = 8100B9440E9FF72007B518D7; };
48D0E520EC523BFA74247BFE = { isa = PBXFileReference; lastKnownFileType = sourcecode.swift; path = "Sources/FilesMac/DeletionWindow.swift"; sourceTree = SOURCE_ROOT; };
28F01CEF477294CBD5D48D6B = { isa = PBXBuildFile; fileRef = 48D0E520EC523BFA74247BFE; };
247D7C3CE815336F7A5B0243 = { isa = PBXFileReference; lastKnownFileType = sourcecode.swift; path = "Sources/FilesMac/PermanentDeleteWindow.swift"; sourceTree = SOURCE_ROOT; };
DB7047EB25F0309975FFC52F = { isa = PBXBuildFile; fileRef = 247D7C3CE815336F7A5B0243; };
762891B2975185CEBECDEDED = { isa = PBXFileReference; lastKnownFileType = sourcecode.swift; path = "Sources/FilesMac/RestoreWindow.swift"; sourceTree = SOURCE_ROOT; };
FDDCC72A7754411BAB79A151 = { isa = PBXBuildFile; fileRef = 762891B2975185CEBECDEDED; };
9E9652DE09AA57ED4D8A07A0 = { isa = PBXFileReference; lastKnownFileType = sourcecode.swift; path = "Sources/FilesMac/main.swift"; sourceTree = SOURCE_ROOT; };
D5D03799EBFC4FF41EE1FE19 = { isa = PBXBuildFile; fileRef = 9E9652DE09AA57ED4D8A07A0; };
38A007151ABE87CC01A5B6E9 = { isa = PBXFileReference; explicitFileType = wrapper.application; path = "Files macOS.app"; sourceTree = BUILT_PRODUCTS_DIR; };
FBDC4F23F93125BBEEAE800C = { isa = PBXGroup; children = (38A007151ABE87CC01A5B6E9,); name = Products; sourceTree = "<group>"; };
64292B1C2B2E13EAD8788FC8 = { isa = PBXGroup; children = (26EF1F661360BB428EDC3B6D,9F4C6A2D267E85535D7F6AEF,B0CEDEBF8AFE95B88AEE47DB,F3C78F087C1A30270235EB76,2C860F136631322F240E7AAB,3478E15243CD7E37315B047F,60F55B51DB3F8D1B4B577E66,B252612B1FEA774BB7D09CFE,1ECAC4550A4421F0A5687790,8100B9440E9FF72007B518D7,48D0E520EC523BFA74247BFE,247D7C3CE815336F7A5B0243,762891B2975185CEBECDEDED,9E9652DE09AA57ED4D8A07A0,FBDC4F23F93125BBEEAE800C,); sourceTree = "<group>"; };
BCE16DD0260827ECF338C787 = { isa = PBXSourcesBuildPhase; buildActionMask = 2147483647; files = (40AB3A975D857ACEDDA3E6A8,052F3ED01317EF227ACDDDA4,CB333AA30FAECCECAA4EA696,DBDCA4C9B58EA878D91DD4B8,ED3EA8FC115E8A961C62DEE1,6F365B7C398C2694E2090E5A,7C9BF9E507522BA416507BFF,68EC042D4AD725930425115E,BDA28D8DC7EFB786BA829D92,9306B63D480ED7B060649BCC,28F01CEF477294CBD5D48D6B,DB7047EB25F0309975FFC52F,FDDCC72A7754411BAB79A151,D5D03799EBFC4FF41EE1FE19,); runOnlyForDeploymentPostprocessing = 0; };
7561BFB015D8F536760CB671 = { isa = PBXFrameworksBuildPhase; buildActionMask = 2147483647; files = (); runOnlyForDeploymentPostprocessing = 0; };
A5A76368A6E498576C4EEF98 = { isa = XCBuildConfiguration; name = Debug; buildSettings = { ALWAYS_SEARCH_USER_PATHS = NO; PRODUCT_NAME = "Files macOS"; PRODUCT_BUNDLE_IDENTIFIER = "org.taro6222.files-for-mac"; SWIFT_VERSION = 6.0; MACOSX_DEPLOYMENT_TARGET = 14.0; SDKROOT = macosx; GENERATE_INFOPLIST_FILE = YES; INFOPLIST_KEY_LSApplicationCategoryType = "public.app-category.utilities"; CODE_SIGN_IDENTITY = "-"; CODE_SIGN_STYLE = Manual; ENABLE_APP_SANDBOX = NO; COMBINE_HIDPI_IMAGES = YES; MARKETING_VERSION = 0.1.0; CURRENT_PROJECT_VERSION = 1; SWIFT_OPTIMIZATION_LEVEL = "-Onone"; }; };
A5BD66D3C03A0FAF1A0386D5 = { isa = XCBuildConfiguration; name = Release; buildSettings = { ALWAYS_SEARCH_USER_PATHS = NO; PRODUCT_NAME = "Files macOS"; PRODUCT_BUNDLE_IDENTIFIER = "org.taro6222.files-for-mac"; SWIFT_VERSION = 6.0; MACOSX_DEPLOYMENT_TARGET = 14.0; SDKROOT = macosx; GENERATE_INFOPLIST_FILE = YES; INFOPLIST_KEY_LSApplicationCategoryType = "public.app-category.utilities"; CODE_SIGN_IDENTITY = "-"; CODE_SIGN_STYLE = Manual; ENABLE_APP_SANDBOX = NO; COMBINE_HIDPI_IMAGES = YES; MARKETING_VERSION = 0.1.0; CURRENT_PROJECT_VERSION = 1; SWIFT_OPTIMIZATION_LEVEL = "-O"; }; };
E30856D4D988D9571DE7D610 = { isa = XCConfigurationList; buildConfigurations = (A5A76368A6E498576C4EEF98,A5BD66D3C03A0FAF1A0386D5,); defaultConfigurationIsVisible = 0; defaultConfigurationName = Release; };
0E8A3AD980EC179856012B7E = { isa = PBXNativeTarget; name = "Files macOS"; productName = "Files macOS"; productType = "com.apple.product-type.application"; productReference = 38A007151ABE87CC01A5B6E9; buildConfigurationList = E30856D4D988D9571DE7D610; buildPhases = (BCE16DD0260827ECF338C787,7561BFB015D8F536760CB671,); buildRules = (); dependencies = (); };
98F54143AB4E86B28C3AFEE0 = { isa = PBXProject; attributes = { LastUpgradeCheck = 2660; }; buildConfigurationList = E30856D4D988D9571DE7D610; compatibilityVersion = "Xcode 14.0"; developmentRegion = en; knownRegions = (en,ko,Base,); mainGroup = 64292B1C2B2E13EAD8788FC8; productRefGroup = FBDC4F23F93125BBEEAE800C; projectDirPath = ""; projectRoot = ""; targets = (0E8A3AD980EC179856012B7E,); };
}; rootObject = 98F54143AB4E86B28C3AFEE0; }
